Microsoft Visual Studio Solution File, Format Version 12.00
# Visual Studio Version 17
VisualStudioVersion = 17.3.32811.315
MinimumVisualStudioVersion = 10.0.40219.1
Project("{9A19103F-16F7-4668-BE54-9A1E7A4F7556}") = "LabFusionUpdater", "LabFusionUpdater\LabFusionUpdater.csproj", "{F95D874D-964D-476F-8641-FD55AD88EF07}"
EndProject
Project("{9A19103F-16F7-4668-BE54-9A1E7A4F7556}") = "LabFusion", "LabFusion\LabFusion.csproj", "{337CAFD9-3866-4DD4-8AA6-B31686982F45}"
EndProject
Project("{9A19103F-16F7-4668-BE54-9A1E7A4F7556}") = "FusionHelper", "LabFusion\FusionHelper\FusionHelper.csproj", "{D710AC7A-0DF6-47BF-9447-D6530F788C93}"
EndProject
Global
	GlobalSection(SolutionConfigurationPlatforms) = preSolution
		Debug|Any CPU = Debug|Any CPU
		Debug|ARM64 = Debug|ARM64
		Debug|x64 = Debug|x64
		Debug-Linux|Any CPU = Debug-Linux|Any CPU
		Debug-Linux|ARM64 = Debug-Linux|ARM64
		Debug-Linux|x64 = Debug-Linux|x64
		Debug-Mac|Any CPU = Debug-Mac|Any CPU
		Debug-Mac|ARM64 = Debug-Mac|ARM64
		Debug-Mac|x64 = Debug-Mac|x64
		Debug-Win|Any CPU = Debug-Win|Any CPU
		Debug-Win|ARM64 = Debug-Win|ARM64
		Debug-Win|x64 = Debug-Win|x64
		Release|Any CPU = Release|Any CPU
		Release|ARM64 = Release|ARM64
		Release|x64 = Release|x64
		Release-Linux|Any CPU = Release-Linux|Any CPU
		Release-Linux|ARM64 = Release-Linux|ARM64
		Release-Linux|x64 = Release-Linux|x64
		Release-Mac|Any CPU = Release-Mac|Any CPU
		Release-Mac|ARM64 = Release-Mac|ARM64
		Release-Mac|x64 = Release-Mac|x64
		Release-Win|Any CPU = Release-Win|Any CPU
		Release-Win|ARM64 = Release-Win|ARM64
		Release-Win|x64 = Release-Win|x64
	EndGlobalSection
	GlobalSection(ProjectConfigurationPlatforms) = postSolution
		{F95D874D-964D-476F-8641-FD55AD88EF07}.Debug|Any CPU.ActiveCfg = Debug|Any CPU
		{F95D874D-964D-476F-8641-FD55AD88EF07}.Debug|Any CPU.Build.0 = Debug|Any CPU
		{F95D874D-964D-476F-8641-FD55AD88EF07}.Debug|ARM64.ActiveCfg = Debug|Any CPU
		{F95D874D-964D-476F-8641-FD55AD88EF07}.Debug|ARM64.Build.0 = Debug|Any CPU
		{F95D874D-964D-476F-8641-FD55AD88EF07}.Debug|x64.ActiveCfg = Debug|Any CPU
		{F95D874D-964D-476F-8641-FD55AD88EF07}.Debug|x64.Build.0 = Debug|Any CPU
		{F95D874D-964D-476F-8641-FD55AD88EF07}.Debug-Linux|Any CPU.ActiveCfg = Debug|Any CPU
		{F95D874D-964D-476F-8641-FD55AD88EF07}.Debug-Linux|Any CPU.Build.0 = Debug|Any CPU
		{F95D874D-964D-476F-8641-FD55AD88EF07}.Debug-Linux|ARM64.ActiveCfg = Debug|Any CPU
		{F95D874D-964D-476F-8641-FD55AD88EF07}.Debug-Linux|ARM64.Build.0 = Debug|Any CPU
		{F95D874D-964D-476F-8641-FD55AD88EF07}.Debug-Linux|x64.ActiveCfg = Debug|Any CPU
		{F95D874D-964D-476F-8641-FD55AD88EF07}.Debug-Linux|x64.Build.0 = Debug|Any CPU
		{F95D874D-964D-476F-8641-FD55AD88EF07}.Debug-Mac|Any CPU.ActiveCfg = Debug|Any CPU
		{F95D874D-964D-476F-8641-FD55AD88EF07}.Debug-Mac|Any CPU.Build.0 = Debug|Any CPU
		{F95D874D-964D-476F-8641-FD55AD88EF07}.Debug-Mac|ARM64.ActiveCfg = Debug|Any CPU
		{F95D874D-964D-476F-8641-FD55AD88EF07}.Debug-Mac|ARM64.Build.0 = Debug|Any CPU
		{F95D874D-964D-476F-8641-FD55AD88EF07}.Debug-Mac|x64.ActiveCfg = Debug|Any CPU
		{F95D874D-964D-476F-8641-FD55AD88EF07}.Debug-Mac|x64.Build.0 = Debug|Any CPU
		{F95D874D-964D-476F-8641-FD55AD88EF07}.Debug-Win|Any CPU.ActiveCfg = Debug|Any CPU
		{F95D874D-964D-476F-8641-FD55AD88EF07}.Debug-Win|Any CPU.Build.0 = Debug|Any CPU
		{F95D874D-964D-476F-8641-FD55AD88EF07}.Debug-Win|ARM64.ActiveCfg = Debug|Any CPU
		{F95D874D-964D-476F-8641-FD55AD88EF07}.Debug-Win|ARM64.Build.0 = Debug|Any CPU
		{F95D874D-964D-476F-8641-FD55AD88EF07}.Debug-Win|x64.ActiveCfg = Debug|Any CPU
		{F95D874D-964D-476F-8641-FD55AD88EF07}.Debug-Win|x64.Build.0 = Debug|Any CPU
		{F95D874D-964D-476F-8641-FD55AD88EF07}.Release|Any CPU.ActiveCfg = Release|Any CPU
		{F95D874D-964D-476F-8641-FD55AD88EF07}.Release|Any CPU.Build.0 = Release|Any CPU
		{F95D874D-964D-476F-8641-FD55AD88EF07}.Release|ARM64.ActiveCfg = Release|Any CPU
		{F95D874D-964D-476F-8641-FD55AD88EF07}.Release|ARM64.Build.0 = Release|Any CPU
		{F95D874D-964D-476F-8641-FD55AD88EF07}.Release|x64.ActiveCfg = Release|Any CPU
		{F95D874D-964D-476F-8641-FD55AD88EF07}.Release|x64.Build.0 = Release|Any CPU
		{F95D874D-964D-476F-8641-FD55AD88EF07}.Release-Linux|Any CPU.ActiveCfg = Release|Any CPU
		{F95D874D-964D-476F-8641-FD55AD88EF07}.Release-Linux|Any CPU.Build.0 = Release|Any CPU
		{F95D874D-964D-476F-8641-FD55AD88EF07}.Release-Linux|ARM64.ActiveCfg = Release|Any CPU
		{F95D874D-964D-476F-8641-FD55AD88EF07}.Release-Linux|x64.ActiveCfg = Release|Any CPU
		{F95D874D-964D-476F-8641-FD55AD88EF07}.Release-Linux|x64.Build.0 = Release|Any CPU
		{F95D874D-964D-476F-8641-FD55AD88EF07}.Release-Mac|Any CPU.ActiveCfg = Release|Any CPU
		{F95D874D-964D-476F-8641-FD55AD88EF07}.Release-Mac|Any CPU.Build.0 = Release|Any CPU
		{F95D874D-964D-476F-8641-FD55AD88EF07}.Release-Mac|ARM64.ActiveCfg = Release|Any CPU
		{F95D874D-964D-476F-8641-FD55AD88EF07}.Release-Mac|ARM64.Build.0 = Release|Any CPU
		{F95D874D-964D-476F-8641-FD55AD88EF07}.Release-Mac|x64.ActiveCfg = Release|Any CPU
		{F95D874D-964D-476F-8641-FD55AD88EF07}.Release-Mac|x64.Build.0 = Release|Any CPU
		{F95D874D-964D-476F-8641-FD55AD88EF07}.Release-Win|Any CPU.ActiveCfg = Release|Any CPU
		{F95D874D-964D-476F-8641-FD55AD88EF07}.Release-Win|Any CPU.Build.0 = Release|Any CPU
		{F95D874D-964D-476F-8641-FD55AD88EF07}.Release-Win|ARM64.ActiveCfg = Release|Any CPU
		{F95D874D-964D-476F-8641-FD55AD88EF07}.Release-Win|ARM64.Build.0 = Release|Any CPU
		{F95D874D-964D-476F-8641-FD55AD88EF07}.Release-Win|x64.ActiveCfg = Release|Any CPU
		{F95D874D-964D-476F-8641-FD55AD88EF07}.Release-Win|x64.Build.0 = Release|Any CPU
		{337CAFD9-3866-4DD4-8AA6-B31686982F45}.Debug|Any CPU.ActiveCfg = Debug|Any CPU
		{337CAFD9-3866-4DD4-8AA6-B31686982F45}.Debug|Any CPU.Build.0 = Debug|Any CPU
		{337CAFD9-3866-4DD4-8AA6-B31686982F45}.Debug|ARM64.ActiveCfg = Debug|Any CPU
		{337CAFD9-3866-4DD4-8AA6-B31686982F45}.Debug|ARM64.Build.0 = Debug|Any CPU
		{337CAFD9-3866-4DD4-8AA6-B31686982F45}.Debug|x64.ActiveCfg = Debug|Any CPU
		{337CAFD9-3866-4DD4-8AA6-B31686982F45}.Debug|x64.Build.0 = Debug|Any CPU
		{337CAFD9-3866-4DD4-8AA6-B31686982F45}.Debug-Linux|Any CPU.ActiveCfg = Debug|Any CPU
		{337CAFD9-3866-4DD4-8AA6-B31686982F45}.Debug-Linux|Any CPU.Build.0 = Debug|Any CPU
		{337CAFD9-3866-4DD4-8AA6-B31686982F45}.Debug-Linux|ARM64.ActiveCfg = Debug|Any CPU
		{337CAFD9-3866-4DD4-8AA6-B31686982F45}.Debug-Linux|ARM64.Build.0 = Debug|Any CPU
		{337CAFD9-3866-4DD4-8AA6-B31686982F45}.Debug-Linux|x64.ActiveCfg = Debug|Any CPU
		{337CAFD9-3866-4DD4-8AA6-B31686982F45}.Debug-Linux|x64.Build.0 = Debug|Any CPU
		{337CAFD9-3866-4DD4-8AA6-B31686982F45}.Debug-Mac|Any CPU.ActiveCfg = Debug|Any CPU
		{337CAFD9-3866-4DD4-8AA6-B31686982F45}.Debug-Mac|Any CPU.Build.0 = Debug|Any CPU
		{337CAFD9-3866-4DD4-8AA6-B31686982F45}.Debug-Mac|ARM64.ActiveCfg = Debug|Any CPU
		{337CAFD9-3866-4DD4-8AA6-B31686982F45}.Debug-Mac|ARM64.Build.0 = Debug|Any CPU
		{337CAFD9-3866-4DD4-8AA6-B31686982F45}.Debug-Mac|x64.ActiveCfg = Debug|Any CPU
		{337CAFD9-3866-4DD4-8AA6-B31686982F45}.Debug-Mac|x64.Build.0 = Debug|Any CPU
		{337CAFD9-3866-4DD4-8AA6-B31686982F45}.Debug-Win|Any CPU.ActiveCfg = Debug|Any CPU
		{337CAFD9-3866-4DD4-8AA6-B31686982F45}.Debug-Win|Any CPU.Build.0 = Debug|Any CPU
		{337CAFD9-3866-4DD4-8AA6-B31686982F45}.Debug-Win|ARM64.ActiveCfg = Debug|Any CPU
		{337CAFD9-3866-4DD4-8AA6-B31686982F45}.Debug-Win|ARM64.Build.0 = Debug|Any CPU
		{337CAFD9-3866-4DD4-8AA6-B31686982F45}.Debug-Win|x64.ActiveCfg = Debug|Any CPU
		{337CAFD9-3866-4DD4-8AA6-B31686982F45}.Debug-Win|x64.Build.0 = Debug|Any CPU
		{337CAFD9-3866-4DD4-8AA6-B31686982F45}.Release|Any CPU.ActiveCfg = Release|Any CPU
		{337CAFD9-3866-4DD4-8AA6-B31686982F45}.Release|Any CPU.Build.0 = Release|Any CPU
		{337CAFD9-3866-4DD4-8AA6-B31686982F45}.Release|ARM64.ActiveCfg = Release|Any CPU
		{337CAFD9-3866-4DD4-8AA6-B31686982F45}.Release|ARM64.Build.0 = Release|Any CPU
		{337CAFD9-3866-4DD4-8AA6-B31686982F45}.Release|x64.ActiveCfg = Release|Any CPU
		{337CAFD9-3866-4DD4-8AA6-B31686982F45}.Release|x64.Build.0 = Release|Any CPU
		{337CAFD9-3866-4DD4-8AA6-B31686982F45}.Release-Linux|Any CPU.ActiveCfg = Release|Any CPU
		{337CAFD9-3866-4DD4-8AA6-B31686982F45}.Release-Linux|Any CPU.Build.0 = Release|Any CPU
		{337CAFD9-3866-4DD4-8AA6-B31686982F45}.Release-Linux|ARM64.ActiveCfg = Release|Any CPU
		{337CAFD9-3866-4DD4-8AA6-B31686982F45}.Release-Linux|ARM64.Build.0 = Release|Any CPU
		{337CAFD9-3866-4DD4-8AA6-B31686982F45}.Release-Linux|x64.ActiveCfg = Release|Any CPU
		{337CAFD9-3866-4DD4-8AA6-B31686982F45}.Release-Linux|x64.Build.0 = Release|Any CPU
		{337CAFD9-3866-4DD4-8AA6-B31686982F45}.Release-Mac|Any CPU.ActiveCfg = Release|Any CPU
		{337CAFD9-3866-4DD4-8AA6-B31686982F45}.Release-Mac|Any CPU.Build.0 = Release|Any CPU
		{337CAFD9-3866-4DD4-8AA6-B31686982F45}.Release-Mac|ARM64.ActiveCfg = Release|Any CPU
		{337CAFD9-3866-4DD4-8AA6-B31686982F45}.Release-Mac|ARM64.Build.0 = Release|Any CPU
		{337CAFD9-3866-4DD4-8AA6-B31686982F45}.Release-Mac|x64.ActiveCfg = Release|Any CPU
		{337CAFD9-3866-4DD4-8AA6-B31686982F45}.Release-Mac|x64.Build.0 = Release|Any CPU
		{337CAFD9-3866-4DD4-8AA6-B31686982F45}.Release-Win|Any CPU.ActiveCfg = Release|Any CPU
		{337CAFD9-3866-4DD4-8AA6-B31686982F45}.Release-Win|Any CPU.Build.0 = Release|Any CPU
		{337CAFD9-3866-4DD4-8AA6-B31686982F45}.Release-Win|ARM64.ActiveCfg = Release|Any CPU
		{337CAFD9-3866-4DD4-8AA6-B31686982F45}.Release-Win|ARM64.Build.0 = Release|Any CPU
		{337CAFD9-3866-4DD4-8AA6-B31686982F45}.Release-Win|x64.ActiveCfg = Release|Any CPU
		{337CAFD9-3866-4DD4-8AA6-B31686982F45}.Release-Win|x64.Build.0 = Release|Any CPU
		{D710AC7A-0DF6-47BF-9447-D6530F788C93}.Debug|Any CPU.ActiveCfg = Debug-Win|x64
		{D710AC7A-0DF6-47BF-9447-D6530F788C93}.Debug|Any CPU.Build.0 = Debug-Win|x64
		{D710AC7A-0DF6-47BF-9447-D6530F788C93}.Debug|ARM64.ActiveCfg = Debug-Win|ARM64
		{D710AC7A-0DF6-47BF-9447-D6530F788C93}.Debug|ARM64.Build.0 = Debug-Win|ARM64
		{D710AC7A-0DF6-47BF-9447-D6530F788C93}.Debug|x64.ActiveCfg = Debug-Win|x64
		{D710AC7A-0DF6-47BF-9447-D6530F788C93}.Debug|x64.Build.0 = Debug-Win|x64
		{D710AC7A-0DF6-47BF-9447-D6530F788C93}.Debug-Linux|Any CPU.ActiveCfg = Debug-Linux|x64
		{D710AC7A-0DF6-47BF-9447-D6530F788C93}.Debug-Linux|Any CPU.Build.0 = Debug-Linux|x64
		{D710AC7A-0DF6-47BF-9447-D6530F788C93}.Debug-Linux|ARM64.ActiveCfg = Debug-Linux|ARM64
		{D710AC7A-0DF6-47BF-9447-D6530F788C93}.Debug-Linux|ARM64.Build.0 = Debug-Linux|ARM64
		{D710AC7A-0DF6-47BF-9447-D6530F788C93}.Debug-Linux|x64.ActiveCfg = Debug-Linux|x64
		{D710AC7A-0DF6-47BF-9447-D6530F788C93}.Debug-Linux|x64.Build.0 = Debug-Linux|x64
		{D710AC7A-0DF6-47BF-9447-D6530F788C93}.Debug-Mac|Any CPU.ActiveCfg = Debug-Mac|x64
		{D710AC7A-0DF6-47BF-9447-D6530F788C93}.Debug-Mac|Any CPU.Build.0 = Debug-Mac|x64
		{D710AC7A-0DF6-47BF-9447-D6530F788C93}.Debug-Mac|ARM64.ActiveCfg = Debug-Mac|ARM64
		{D710AC7A-0DF6-47BF-9447-D6530F788C93}.Debug-Mac|ARM64.Build.0 = Debug-Mac|ARM64
		{D710AC7A-0DF6-47BF-9447-D6530F788C93}.Debug-Mac|x64.ActiveCfg = Debug-Mac|x64
		{D710AC7A-0DF6-47BF-9447-D6530F788C93}.Debug-Mac|x64.Build.0 = Debug-Mac|x64
		{D710AC7A-0DF6-47BF-9447-D6530F788C93}.Debug-Win|Any CPU.ActiveCfg = Debug-Win|x64
		{D710AC7A-0DF6-47BF-9447-D6530F788C93}.Debug-Win|Any CPU.Build.0 = Debug-Win|x64
		{D710AC7A-0DF6-47BF-9447-D6530F788C93}.Debug-Win|ARM64.ActiveCfg = Debug-Win|ARM64
		{D710AC7A-0DF6-47BF-9447-D6530F788C93}.Debug-Win|ARM64.Build.0 = Debug-Win|ARM64
		{D710AC7A-0DF6-47BF-9447-D6530F788C93}.Debug-Win|x64.ActiveCfg = Debug-Win|x64
		{D710AC7A-0DF6-47BF-9447-D6530F788C93}.Debug-Win|x64.Build.0 = Debug-Win|x64
		{D710AC7A-0DF6-47BF-9447-D6530F788C93}.Release|Any CPU.ActiveCfg = Release-Win|x64
		{D710AC7A-0DF6-47BF-9447-D6530F788C93}.Release|Any CPU.Build.0 = Release-Win|x64
		{D710AC7A-0DF6-47BF-9447-D6530F788C93}.Release|ARM64.ActiveCfg = Release-Win|ARM64
		{D710AC7A-0DF6-47BF-9447-D6530F788C93}.Release|ARM64.Build.0 = Release-Win|ARM64
		{D710AC7A-0DF6-47BF-9447-D6530F788C93}.Release|x64.ActiveCfg = Release-Win|x64
		{D710AC7A-0DF6-47BF-9447-D6530F788C93}.Release|x64.Build.0 = Release-Win|x64
		{D710AC7A-0DF6-47BF-9447-D6530F788C93}.Release-Linux|Any CPU.ActiveCfg = Release-Linux|x64
		{D710AC7A-0DF6-47BF-9447-D6530F788C93}.Release-Linux|Any CPU.Build.0 = Release-Linux|x64
		{D710AC7A-0DF6-47BF-9447-D6530F788C93}.Release-Linux|ARM64.ActiveCfg = Release-Linux|ARM64
		{D710AC7A-0DF6-47BF-9447-D6530F788C93}.Release-Linux|ARM64.Build.0 = Release-Linux|ARM64
		{D710AC7A-0DF6-47BF-9447-D6530F788C93}.Release-Linux|x64.ActiveCfg = Release-Linux|x64
		{D710AC7A-0DF6-47BF-9447-D6530F788C93}.Release-Linux|x64.Build.0 = Release-Linux|x64
		{D710AC7A-0DF6-47BF-9447-D6530F788C93}.Release-Mac|Any CPU.ActiveCfg = Release-Mac|x64
		{D710AC7A-0DF6-47BF-9447-D6530F788C93}.Release-Mac|Any CPU.Build.0 = Release-Mac|x64
		{D710AC7A-0DF6-47BF-9447-D6530F788C93}.Release-Mac|ARM64.ActiveCfg = Release-Mac|ARM64
		{D710AC7A-0DF6-47BF-9447-D6530F788C93}.Release-Mac|ARM64.Build.0 = Release-Mac|ARM64
		{D710AC7A-0DF6-47BF-9447-D6530F788C93}.Release-Mac|x64.ActiveCfg = Release-Mac|x64
		{D710AC7A-0DF6-47BF-9447-D6530F788C93}.Release-Mac|x64.Build.0 = Release-Mac|x64
		{D710AC7A-0DF6-47BF-9447-D6530F788C93}.Release-Win|Any CPU.ActiveCfg = Release-Win|x64
		{D710AC7A-0DF6-47BF-9447-D6530F788C93}.Release-Win|Any CPU.Build.0 = Release-Win|x64
		{D710AC7A-0DF6-47BF-9447-D6530F788C93}.Release-Win|ARM64.ActiveCfg = Release-Win|ARM64
		{D710AC7A-0DF6-47BF-9447-D6530F788C93}.Release-Win|ARM64.Build.0 = Release-Win|ARM64
		{D710AC7A-0DF6-47BF-9447-D6530F788C93}.Release-Win|x64.ActiveCfg = Release-Win|x64
		{D710AC7A-0DF6-47BF-9447-D6530F788C93}.Release-Win|x64.Build.0 = Release-Win|x64
	EndGlobalSection
	GlobalSection(SolutionProperties) = preSolution
		HideSolutionNode = FALSE
	EndGlobalSection
	GlobalSection(ExtensibilityGlobals) = postSolution
		SolutionGuid = {66A4F650-AD05-49E2-8081-AA20053CE32F}
	EndGlobalSection
EndGlobal
